
Microsoft Visual Studio Solution File, Format Version 12.00
# Visual Studio 15
VisualStudioVersion = 15.0.28307.757
MinimumVisualStudioVersion = 10.0.40219.1
Project("{8BC9CEB8-8B4A-11D0-8D11-00A0C91BC942}") = "newrvs", "newrvs\newrvs.vcxproj", "{38359AB5-059A-46BE-A282-B1764FAFADDE}"
EndProject
Global
	GlobalSection(SolutionConfigurationPlatforms) = preSolution
		Debug|x64 = Debug|x64
		Debug|x86 = Debug|x86
		Release|x64 = Release|x64
		Release|x86 = Release|x86
	EndGlobalSection
	GlobalSection(ProjectConfigurationPlatforms) = postSolution
		{38359AB5-059A-46BE-A282-B1764FAFADDE}.Debug|x64.ActiveCfg = Debug|x64
		{38359AB5-059A-46BE-A282-B1764FAFADDE}.Debug|x64.Build.0 = Debug|x64
		{38359AB5-059A-46BE-A282-B1764FAFADDE}.Debug|x86.ActiveCfg = Debug|Win32
		{38359AB5-059A-46BE-A282-B1764FAFADDE}.Debug|x86.Build.0 = Debug|Win32
		{38359AB5-059A-46BE-A282-B1764FAFADDE}.Release|x64.ActiveCfg = Release|x64
		{38359AB5-059A-46BE-A282-B1764FAFADDE}.Release|x64.Build.0 = Release|x64
		{38359AB5-059A-46BE-A282-B1764FAFADDE}.Release|x86.ActiveCfg = Release|Win32
		{38359AB5-059A-46BE-A282-B1764FAFADDE}.Release|x86.Build.0 = Release|Win32
	EndGlobalSection
	GlobalSection(SolutionProperties) = preSolution
		HideSolutionNode = FALSE
	EndGlobalSection
	GlobalSection(ExtensibilityGlobals) = postSolution
		SolutionGuid = {42DAA2A5-4598-4FD6-8959-0CFC20634C94}
	EndGlobalSection
EndGlobal
