<?xml version="1.0" encoding="utf-8"?>
<Project ToolsVersion="4.0" xmlns="http://schemas.microsoft.com/developer/msbuild/2003">
  <ItemGroup>
    <Filter Include="Source Files">
      <UniqueIdentifier>{4FC737F1-C7A5-4376-A066-2A32D752A2FF}</UniqueIdentifier>
      <Extensions>cpp;c;cc;cxx;def;odl;idl;hpj;bat;asm;asmx</Extensions>
    </Filter>
    <Filter Include="Header Files">
      <UniqueIdentifier>{93995380-89BD-4b04-88EB-625FBE52EBFB}</UniqueIdentifier>
      <Extensions>h;hh;hpp;hxx;hm;inl;inc;xsd</Extensions>
    </Filter>
    <Filter Include="Resource Files">
      <UniqueIdentifier>{67DA6AB6-F800-4c08-8B7A-83BB121AAD01}</UniqueIdentifier>
      <Extensions>rc;ico;cur;bmp;dlg;rc2;rct;bin;rgs;gif;jpg;jpeg;jpe;resx;tiff;tif;png;wav;mfcribbon-ms</Extensions>
    </Filter>
    <Filter Include="Biomass">
      <UniqueIdentifier>{a1a14eca-0fd1-4dc3-8f9e-b0406c6119d1}</UniqueIdentifier>
    </Filter>
    <Filter Include="DataManagement">
      <UniqueIdentifier>{14ab5a95-3b4f-42c0-8774-1c65056088b0}</UniqueIdentifier>
    </Filter>
  </ItemGroup>
  <ItemGroup>
    <ClInclude Include="Biomass\BiomassEquations.h">
      <Filter>Biomass</Filter>
    </ClInclude>
    <ClInclude Include="Biomass\BiomassEVT.h">
      <Filter>Biomass</Filter>
    </ClInclude>
    <ClInclude Include="Biomass\BiomassDriver.h">
      <Filter>Biomass</Filter>
    </ClInclude>
    <ClInclude Include="DataManagement\DIO_Access.h">
      <Filter>DataManagement</Filter>
    </ClInclude>
    <ClInclude Include="DataManagement\EVT.h">
      <Filter>DataManagement</Filter>
    </ClInclude>
    <ClInclude Include="DataManagement\RVS_TypeDefs.h">
      <Filter>DataManagement</Filter>
    </ClInclude>
    <ClInclude Include="DataManagement\DataTable.h">
      <Filter>DataManagement</Filter>
    </ClInclude>
    <ClInclude Include="DataManagement\DIO.h">
      <Filter>DataManagement</Filter>
    </ClInclude>
    <ClInclude Include="RVSDEF.h">
      <Filter>Header Files</Filter>
    </ClInclude>
    <ClInclude Include="sqlite3.h">
      <Filter>Header Files</Filter>
    </ClInclude>
  </ItemGroup>
  <ItemGroup>
    <ClCompile Include="Biomass\BiomassEVT.cpp">
      <Filter>Biomass</Filter>
    </ClCompile>
    <ClCompile Include="Biomass\BiomassDriver.cpp">
      <Filter>Biomass</Filter>
    </ClCompile>
    <ClCompile Include="Biomass\BiomassEquations.cpp">
      <Filter>Biomass</Filter>
    </ClCompile>
    <ClCompile Include="DataManagement\EVT.cpp">
      <Filter>DataManagement</Filter>
    </ClCompile>
    <ClCompile Include="DataManagement\DIO.cpp">
      <Filter>DataManagement</Filter>
    </ClCompile>
    <ClCompile Include="DataManagement\DIO_Access.cpp">
      <Filter>DataManagement</Filter>
    </ClCompile>
    <ClCompile Include="sqlite3.c">
      <Filter>Source Files</Filter>
    </ClCompile>
    <ClCompile Include="main.cpp">
      <Filter>Source Files</Filter>
    </ClCompile>
  </ItemGroup>
</Project>